
Microsoft Visual Studio Solution File, Format Version 12.00
# Visual Studio Version 17
VisualStudioVersion = 17.8.34330.188
MinimumVisualStudioVersion = 10.0.40219.1
Project("{FAE04EC0-301F-11D3-BF4B-00C04F79EFBC}") = "KullaniciGiris", "KullaniciGiris\KullaniciGiris.csproj", "{AE25A42D-8AFB-49C9-928D-C174D3B8B9C1}"
EndProject
Global
	GlobalSection(SolutionConfigurationPlatforms) = preSolution
		Debug|Any CPU = Debug|Any CPU
		Release|Any CPU = Release|Any CPU
	EndGlobalSection
	GlobalSection(ProjectConfigurationPlatforms) = postSolution
		{AE25A42D-8AFB-49C9-928D-C174D3B8B9C1}.Debug|Any CPU.ActiveCfg = Debug|Any CPU
		{AE25A42D-8AFB-49C9-928D-C174D3B8B9C1}.Debug|Any CPU.Build.0 = Debug|Any CPU
		{AE25A42D-8AFB-49C9-928D-C174D3B8B9C1}.Release|Any CPU.ActiveCfg = Release|Any CPU
		{AE25A42D-8AFB-49C9-928D-C174D3B8B9C1}.Release|Any CPU.Build.0 = Release|Any CPU
	EndGlobalSection
	GlobalSection(SolutionProperties) = preSolution
		HideSolutionNode = FALSE
	EndGlobalSection
	GlobalSection(ExtensibilityGlobals) = postSolution
		SolutionGuid = {D4B62A8A-D535-4161-A77A-6AD27F26CB2E}
	EndGlobalSection
EndGlobal
